# This file is generated by running "yarn install" inside your project.
# Manual changes might be lost - proceed with caution!

__metadata:
  version: 4

"@rollup/plugin-node-resolve@npm:7.1.0":
  version: 7.1.0
  resolution: "@rollup/plugin-node-resolve@npm:7.1.0"
  dependencies:
    "@rollup/pluginutils": ^3.0.6
    "@types/resolve": 0.0.8
    builtin-modules: ^3.1.0
    is-module: ^1.0.0
    resolve: ^1.14.2
  peerDependencies:
    rollup: ^1.20.0
  checksum: 64e31fee91a4c92d89188aa23352f2ee98a62cce9bc16a9b455e02e6817d9b8f76fe8121de449884531e527cccb9798cce3b3a72c397d42cd8dd8b4d4ee9d8b9
  languageName: node
  linkType: hard

"@rollup/pluginutils@npm:^3.0.6":
  version: 3.0.8
  resolution: "@rollup/pluginutils@npm:3.0.8"
  dependencies:
    estree-walker: ^1.0.1
  peerDependencies:
    rollup: ^1.20.0
  checksum: e2324cfea06e1eaa6aa962b267f9f0ae0d11b5820cc7a11b856174a607964a79efe779a81c267ed80d864848e74a71b9459a23d8776e11dd7eb5e52d23672fa4
  languageName: node
  linkType: hard

"@types/estree@npm:*":
  version: 0.0.42
  resolution: "@types/estree@npm:0.0.42"
  checksum: cb99cea4ef5958e9efd8cb7258356e71642d95113ac7e2376da2335a261c1fbaa43e2f85544ae0cf4880a94844deb6dae3a7f38ca547b4c3ce1985cabd26852c
  languageName: node
  linkType: hard

"@types/node@npm:*":
  version: 13.7.0
  resolution: "@types/node@npm:13.7.0"
  checksum: 3ee505198cb714c56ce20fca902fcbd05643badc22c2f25917a2544b1a1d905b9086b90147e79bd977a9c8bb912db60240d11152827ad779e9373cdd5864e5c2
  languageName: node
  linkType: hard

"@types/resolve@npm:0.0.8":
  version: 0.0.8
  resolution: "@types/resolve@npm:0.0.8"
  dependencies:
    "@types/node": "*"
  checksum: 5ab87d772535675075cb4bd35a2f4807ff978582f15b8100524be58a8dfae1180ba7b84481d46f0b72fb5b8671ab27ae66af0cbde8705d06fddd3cddb6f624af
  languageName: node
  linkType: hard

"acorn@npm:^7.1.0":
  version: 7.1.0
  resolution: "acorn@npm:7.1.0"
  bin:
    acorn: ./bin/acorn
  checksum: ca17ed462eb556d0bb6bac8238395e5af562f79fc9dbd9b58806dca2968f58f8c487d83bada265d1221ad8ea69f966e4c7af3adadc5eeeb67238964872d677c8
  languageName: node
  linkType: hard

"builtin-modules@npm:^3.1.0":
  version: 3.1.0
  resolution: "builtin-modules@npm:3.1.0"
  checksum: 9bbb52e795da431b124dbe42a7a0d74be750f3021479c3907993ac16e213e38f668aec6f804835f08df4d112c1a850c8f04d5801a9f3a99c0d03a9d4c3550450
  languageName: node
  linkType: hard

"estree-walker@npm:^1.0.1":
  version: 1.0.1
  resolution: "estree-walker@npm:1.0.1"
  checksum: ac50c28d2dfb376ce92a28d476f2f6147dffe93c9fb1cd9cffbf6f163e63061faa82019b5b6070135b2bb8109ef9a3ece1c8a0d4627a1d26a1c06075129e89e7
  languageName: node
  linkType: hard

"is-module@npm:^1.0.0":
  version: 1.0.0
  resolution: "is-module@npm:1.0.0"
  checksum: fa5ceec47689c17a371ce4e7ececd637c34ba55c0ceb4f5a45fbe41cc63d3c422ff794b72256f3789f9e4a956d74216340cbba7b00345acf5ba4106cef21bbbe
  languageName: node
  linkType: hard

"lodash@npm:^4.17.15":
  version: 4.17.15
  resolution: "lodash@npm:4.17.15"
  checksum: b018ec8d4c95f14a4b57005a247eca1bc25639322939471a1958d3bc721b4f18e90edb6ea564854593a8bc1f94956a0352cf0cd372991b98c42d61c0cd11e5a3
  languageName: node
  linkType: hard

"path-parse@npm:^1.0.6":
  version: 1.0.6
  resolution: "path-parse@npm:1.0.6"
  checksum: 02894a9a2dd29ba61ce0f79c0cbb230869d16e3129eea46ee1195d6bed370806f254a51f494ad51d5bab4e494ea0a9040819923bec3be586b1f9004a70c65a3a
  languageName: node
  linkType: hard

resolve@^1.14.2:
  version: 1.15.0
  resolution: "resolve@npm:1.15.0"
  dependencies:
    path-parse: ^1.0.6
  checksum: 473908ea6663af397ce8e8f8396b696b2f44a96438701550f778e498b19ca8d8a3ec50dfed1cb5e67a40d8dd225275258e431691c800726f90ced256dcca11ca
  languageName: node
  linkType: hard

"resolve@patch:resolve@^1.14.2#builtin<compat/resolve>":
  version: 1.15.0
  resolution: "resolve@patch:resolve@npm%3A1.15.0#builtin<compat/resolve>::version=1.15.0&hash=8fccd0"
  dependencies:
    path-parse: ^1.0.6
  checksum: 800cafa46c31f68ac9c5b2e86352b175d41c14ca7b062c961fadf65e9c03b582f43babc6945c6a1dbb920b97fb4c9a80f9073416e2f8e77c073f85e76b675e50
  languageName: node
  linkType: hard

"rollup@npm:^1.31.0":
  version: 1.31.0
  resolution: "rollup@npm:1.31.0"
  dependencies:
    "@types/estree": "*"
    "@types/node": "*"
    acorn: ^7.1.0
  bin:
    rollup: dist/bin/rollup
  checksum: 2ceb742ad34ff600a59ee0a191b4ab35f3b45c7f4644f62da9a3ece7ad719315f57be4bd273693927cca205a34ffd3ada3f2820bef4a371323c1234c90de585a
  languageName: node
  linkType: hard

"tmp.ny3tBU82WT@workspace:.":
  version: 0.0.0-use.local
  resolution: "tmp.ny3tBU82WT@workspace:."
  dependencies:
    "@rollup/plugin-node-resolve": 7.1.0
    lodash: ^4.17.15
    rollup: ^1.31.0
  languageName: unknown
  linkType: soft
